{
  "originHash" : "c3e4c6b22fc1c38b918ca11c7ea563b48785fc60f7ef917915eed19c5e3677bd",
  "pins" : [
    {
      "identity" : "alamofire",
      "kind" : "remoteSourceControl",
      "location" : "https://github.com/Alamofire/Alamofire.git",
      "state" : {
        "revision" : "7be73f6c2b5cd90e40798b06ebd5da8f9f79cf88",
        "version" : "5.11.0"
      }
    }
  ],
  "version" : 3
}
