{
  "originHash" : "c29859ddda3a23c28a7f689a88e491a7cb86450988476dc932f151b3aad1abdb",
  "pins" : [
    {
      "identity" : "alamofire#",
      "kind" : "remoteSourceControl",
      "location" : "https://github.com/Alamofire/Alamofire#",
      "state" : {
        "revision" : "3f99050e75bbc6fe71fc323adabb039756680016",
        "version" : "5.11.1"
      }
    }
  ],
  "version" : 3
}
